{
  "name": "grove-workspace",
  "version": "0.0.0",
  "lockfileVersion": 3,
  "requires": true,
  "packages": {
    "": {
      "name": "grove-workspace",
      "version": "0.0.0",
      "license": "MIT",
      "workspaces": [
        "tooling/grove/build",
        "tooling/grove/probes",
        "tooling/grove/release",
        "tooling/grove/tests/dispatch",
        "tooling/grove/tests/gates",
        "tooling/grove/tests/lifecycle"
      ]
    },
    "node_modules/grove-consumer-operations": {
      "resolved": "tooling/grove/tests/lifecycle",
      "link": true
    },
    "node_modules/grove-dispatch-tests": {
      "resolved": "tooling/grove/tests/dispatch",
      "link": true
    },
    "node_modules/grove-gate-profile": {
      "resolved": "tooling/grove/tests/gates",
      "link": true
    },
    "node_modules/grove-host-probes": {
      "resolved": "tooling/grove/probes",
      "link": true
    },
    "node_modules/grove-release-validation": {
      "resolved": "tooling/grove/release",
      "link": true
    },
    "node_modules/grove-role-projections": {
      "resolved": "tooling/grove/build",
      "link": true
    },
    "tooling/grove/build": {
      "name": "grove-role-projections",
      "version": "0.1.0"
    },
    "tooling/grove/probes": {
      "name": "grove-host-probes",
      "version": "0.3.0"
    },
    "tooling/grove/release": {
      "name": "grove-release-validation",
      "version": "0.3.0"
    },
    "tooling/grove/tests/dispatch": {
      "name": "grove-dispatch-tests",
      "version": "0.0.0"
    },
    "tooling/grove/tests/gates": {
      "name": "grove-gate-profile",
      "version": "0.1.0"
    },
    "tooling/grove/tests/lifecycle": {
      "name": "grove-consumer-operations",
      "version": "0.0.0"
    }
  }
}
